
Microsoft Visual Studio Solution File, Format Version 12.00
# Visual Studio Version 16
VisualStudioVersion = 16.0.30011.22
MinimumVisualStudioVersion = 10.0.40219.1
Project("{FAE04EC0-301F-11D3-BF4B-00C04F79EFBC}") = "POOI_EL1_Esthefano_Pastor_Harold_Mallqui_Luis_Torres", "POOI_EL1_Esthefano_Pastor_Harold_Mallqui_Luis_Torres\POOI_EL1_Esthefano_Pastor_Harold_Mallqui_Luis_Torres.csproj", "{7D0BB0E8-D733-46E4-940B-C2EC89705579}"
EndProject
Global
	GlobalSection(SolutionConfigurationPlatforms) = preSolution
		Debug|Any CPU = Debug|Any CPU
		Release|Any CPU = Release|Any CPU
	EndGlobalSection
	GlobalSection(ProjectConfigurationPlatforms) = postSolution
		{7D0BB0E8-D733-46E4-940B-C2EC89705579}.Debug|Any CPU.ActiveCfg = Debug|Any CPU
		{7D0BB0E8-D733-46E4-940B-C2EC89705579}.Debug|Any CPU.Build.0 = Debug|Any CPU
		{7D0BB0E8-D733-46E4-940B-C2EC89705579}.Release|Any CPU.ActiveCfg = Release|Any CPU
		{7D0BB0E8-D733-46E4-940B-C2EC89705579}.Release|Any CPU.Build.0 = Release|Any CPU
	EndGlobalSection
	GlobalSection(SolutionProperties) = preSolution
		HideSolutionNode = FALSE
	EndGlobalSection
	GlobalSection(ExtensibilityGlobals) = postSolution
		SolutionGuid = {87611E89-5A61-4194-A1C2-D2A63B0B6E6E}
	EndGlobalSection
EndGlobal
